
Microsoft Visual Studio Solution File, Format Version 12.00
# Visual Studio Version 17
VisualStudioVersion = 17.13.35818.85 d17.13
MinimumVisualStudioVersion = 10.0.40219.1
Project("{FAE04EC0-301F-11D3-BF4B-00C04F79EFBC}") = "booksalescontroller", "booksalescontroller.csproj", "{FF2FBB4F-8845-48B5-BA12-776F25C1E8A8}"
EndProject
Global
	GlobalSection(SolutionConfigurationPlatforms) = preSolution
		Debug|Any CPU = Debug|Any CPU
		Release|Any CPU = Release|Any CPU
	EndGlobalSection
	GlobalSection(ProjectConfigurationPlatforms) = postSolution
		{FF2FBB4F-8845-48B5-BA12-776F25C1E8A8}.Debug|Any CPU.ActiveCfg = Debug|Any CPU
		{FF2FBB4F-8845-48B5-BA12-776F25C1E8A8}.Debug|Any CPU.Build.0 = Debug|Any CPU
		{FF2FBB4F-8845-48B5-BA12-776F25C1E8A8}.Release|Any CPU.ActiveCfg = Release|Any CPU
		{FF2FBB4F-8845-48B5-BA12-776F25C1E8A8}.Release|Any CPU.Build.0 = Release|Any CPU
	EndGlobalSection
	GlobalSection(SolutionProperties) = preSolution
		HideSolutionNode = FALSE
	EndGlobalSection
	GlobalSection(ExtensibilityGlobals) = postSolution
		SolutionGuid = {2EA2CF74-E48C-4C81-AFD0-77D8E32FC99B}
	EndGlobalSection
EndGlobal
